%{
  "amqp": {:hex, :amqp, "3.1.1", "a96ee272d196dfd1bf4ffc15dc7dcf900004d928dbdc6f5fcb80e6b0da03927c", [:mix], [{:amqp_client, "~> 3.9.1", [hex: :amqp_client, repo: "hexpm", optional: false]}], "hexpm", "ee7ca576351b4629b6be0701db8c085e203e242c577c59f344be56ef5a262056"},
  "amqp_client": {:hex, :amqp_client, "3.9.18", "0f789a3fe933199d482794623a49fdb91456c0511b4ced92a046bca34312bbc2", [:make, :rebar3], [{:rabbit_common, "3.9.18", [hex: :rabbit_common, repo: "hexpm", optional: false]}], "hexpm", "e29dbad17f44f301b26c1f73675e8833d12a3ac0cb1658d258f75cade6711b84"},
  "credentials_obfuscation": {:hex, :credentials_obfuscation, "3.1.0", "2c405ea0c5db7b3344aa5a99f86c33e7b6ecea97d2cb613371e1cf0d192ef2c6", [:rebar3], [], "hexpm", "04884e62b1c6cdfba999d4d6b3e99bc0a59d5e439517bc5c01767255afb7b778"},
  "jason": {:hex, :jason, "1.3.0", "fa6b82a934feb176263ad2df0dbd91bf633d4a46ebfdffea0c8ae82953714946", [:mix], [{:decimal, "~> 1.0 or ~> 2.0", [hex: :decimal, repo: "hexpm", optional: true]}], "hexpm", "53fc1f51255390e0ec7e50f9cb41e751c260d065dcba2bf0d08dc51a4002c2ac"},
  "jsx": {:hex, :jsx, "3.1.0", "d12516baa0bb23a59bb35dccaf02a1bd08243fcbb9efe24f2d9d056ccff71268", [:rebar3], [], "hexpm", "0c5cc8fdc11b53cc25cf65ac6705ad39e54ecc56d1c22e4adb8f5a53fb9427f3"},
  "rabbit_common": {:hex, :rabbit_common, "3.9.18", "8bebd671d1764d99fda4f6e587014d0fb87ef2fc135a08f0760b68b1b9a29ab6", [:make, :rebar3], [{:credentials_obfuscation, "3.1.0", [hex: :credentials_obfuscation, repo: "hexpm", optional: false]}, {:jsx, "3.1.0", [hex: :jsx, repo: "hexpm", optional: false]}, {:recon, "2.5.2", [hex: :recon, repo: "hexpm", optional: false]}], "hexpm", "9bd5d0190320731d556c221395ff23cdb18f15173b929e83c4ff4e69cf2d3169"},
  "recon": {:hex, :recon, "2.5.2", "cba53fa8db83ad968c9a652e09c3ed7ddcc4da434f27c3eaa9ca47ffb2b1ff03", [:mix, :rebar3], [], "hexpm", "2c7523c8dee91dff41f6b3d63cba2bd49eb6d2fe5bf1eec0df7f87eb5e230e1c"},
}
